
Microsoft Visual Studio Solution File, Format Version 12.00
# Visual Studio Version 17
VisualStudioVersion = 17.14.36221.1 d17.14
MinimumVisualStudioVersion = 10.0.40219.1
Project("{FAE04EC0-301F-11D3-BF4B-00C04F79EFBC}") = "PMS", "PMS\PMS.csproj", "{9245A708-BB71-49B1-AA23-BB29B3F81582}"
EndProject
Global
	GlobalSection(SolutionConfigurationPlatforms) = preSolution
		Debug|Any CPU = Debug|Any CPU
		Release|Any CPU = Release|Any CPU
	EndGlobalSection
	GlobalSection(ProjectConfigurationPlatforms) = postSolution
		{9245A708-BB71-49B1-AA23-BB29B3F81582}.Debug|Any CPU.ActiveCfg = Debug|Any CPU
		{9245A708-BB71-49B1-AA23-BB29B3F81582}.Debug|Any CPU.Build.0 = Debug|Any CPU
		{9245A708-BB71-49B1-AA23-BB29B3F81582}.Release|Any CPU.ActiveCfg = Release|Any CPU
		{9245A708-BB71-49B1-AA23-BB29B3F81582}.Release|Any CPU.Build.0 = Release|Any CPU
	EndGlobalSection
	GlobalSection(SolutionProperties) = preSolution
		HideSolutionNode = FALSE
	EndGlobalSection
	GlobalSection(ExtensibilityGlobals) = postSolution
		SolutionGuid = {8F9FCECC-6F31-4941-9ACF-604DB7C7FF17}
	EndGlobalSection
EndGlobal
